
Microsoft Visual Studio Solution File, Format Version 11.00
# Visual Studio 2010
Project("{8BC9CEB8-8B4A-11D0-8D11-00A0C91BC942}") = "ReplicationTool", "ReplicationTool.vcxproj", "{75D0A01D-6CB8-4C14-B1D0-28F17DE2EECB}"
EndProject
Global
	GlobalSection(SolutionConfigurationPlatforms) = preSolution
		Debug|Win32 = Debug|Win32
		Release|Win32 = Release|Win32
	EndGlobalSection
	GlobalSection(ProjectConfigurationPlatforms) = postSolution
		{75D0A01D-6CB8-4C14-B1D0-28F17DE2EECB}.Debug|Win32.ActiveCfg = Debug|Win32
		{75D0A01D-6CB8-4C14-B1D0-28F17DE2EECB}.Debug|Win32.Build.0 = Debug|Win32
		{75D0A01D-6CB8-4C14-B1D0-28F17DE2EECB}.Release|Win32.ActiveCfg = Release|Win32
		{75D0A01D-6CB8-4C14-B1D0-28F17DE2EECB}.Release|Win32.Build.0 = Release|Win32
	EndGlobalSection
	GlobalSection(SolutionProperties) = preSolution
		HideSolutionNode = FALSE
	EndGlobalSection
EndGlobal
